
Microsoft Visual Studio Solution File, Format Version 12.00
# Visual Studio Version 17
VisualStudioVersion = 17.0.31903.59
MinimumVisualStudioVersion = 10.0.40219.1
Project("{FAE04EC0-301F-11D3-BF4B-00C04F79EFBC}") = "Conditionals", "Conditionals.csproj", "{961353CC-6341-42D0-B2E5-6C38686CC99A}"
EndProject
Global
	GlobalSection(SolutionConfigurationPlatforms) = preSolution
		Debug|Any CPU = Debug|Any CPU
		Release|Any CPU = Release|Any CPU
	EndGlobalSection
	GlobalSection(SolutionProperties) = preSolution
		HideSolutionNode = FALSE
	EndGlobalSection
	GlobalSection(ProjectConfigurationPlatforms) = postSolution
		{961353CC-6341-42D0-B2E5-6C38686CC99A}.Debug|Any CPU.ActiveCfg = Debug|Any CPU
		{961353CC-6341-42D0-B2E5-6C38686CC99A}.Debug|Any CPU.Build.0 = Debug|Any CPU
		{961353CC-6341-42D0-B2E5-6C38686CC99A}.Release|Any CPU.ActiveCfg = Release|Any CPU
		{961353CC-6341-42D0-B2E5-6C38686CC99A}.Release|Any CPU.Build.0 = Release|Any CPU
	EndGlobalSection
EndGlobal
